
Microsoft Visual Studio Solution File, Format Version 12.00
# Visual Studio Version 17
VisualStudioVersion = 17.13.35919.96
MinimumVisualStudioVersion = 10.0.40219.1
Project("{FAE04EC0-301F-11D3-BF4B-00C04F79EFBC}") = "S1API", "TestBot\S1API.csproj", "{42AA6EDE-A315-4644-B3E0-0A4A5AC33026}"
EndProject
Global
	GlobalSection(SolutionConfigurationPlatforms) = preSolution
		Debug|Any CPU = Debug|Any CPU
		Debug|x64 = Debug|x64
		Release|Any CPU = Release|Any CPU
		Release|x64 = Release|x64
		test|Any CPU = test|Any CPU
		test|x64 = test|x64
	EndGlobalSection
	GlobalSection(ProjectConfigurationPlatforms) = postSolution
		{42AA6EDE-A315-4644-B3E0-0A4A5AC33026}.Debug|Any CPU.ActiveCfg = Debug|Any CPU
		{42AA6EDE-A315-4644-B3E0-0A4A5AC33026}.Debug|Any CPU.Build.0 = Debug|Any CPU
		{42AA6EDE-A315-4644-B3E0-0A4A5AC33026}.Debug|x64.ActiveCfg = Debug|x64
		{42AA6EDE-A315-4644-B3E0-0A4A5AC33026}.Debug|x64.Build.0 = Debug|x64
		{42AA6EDE-A315-4644-B3E0-0A4A5AC33026}.Release|Any CPU.ActiveCfg = Mono|Any CPU
		{42AA6EDE-A315-4644-B3E0-0A4A5AC33026}.Release|Any CPU.Build.0 = Mono|Any CPU
		{42AA6EDE-A315-4644-B3E0-0A4A5AC33026}.Release|x64.ActiveCfg = Release|x64
		{42AA6EDE-A315-4644-B3E0-0A4A5AC33026}.Release|x64.Build.0 = Release|x64
		{42AA6EDE-A315-4644-B3E0-0A4A5AC33026}.test|Any CPU.ActiveCfg = test|Any CPU
		{42AA6EDE-A315-4644-B3E0-0A4A5AC33026}.test|Any CPU.Build.0 = test|Any CPU
		{42AA6EDE-A315-4644-B3E0-0A4A5AC33026}.test|x64.ActiveCfg = test|Any CPU
		{42AA6EDE-A315-4644-B3E0-0A4A5AC33026}.test|x64.Build.0 = test|Any CPU
	EndGlobalSection
	GlobalSection(SolutionProperties) = preSolution
		HideSolutionNode = FALSE
	EndGlobalSection
	GlobalSection(ExtensibilityGlobals) = postSolution
		SolutionGuid = {D4133239-C02E-468E-8EE2-D7C85F4E0036}
	EndGlobalSection
EndGlobal
